{
    "_readme": [
        "This file locks the dependencies of your project to a known state",
        "Read more about it at https://getcomposer.org/doc/01-basic-usage.md#composer-lock-the-lock-file",
        "This file is @generated automatically"
    ],
    "hash": "d1c3181080c2f4027e65b81bfb46ef3f",
    "content-hash": "d90b768e72f34640efd3a4860cb0cb13",
    "packages": [
        {
            "name": "bdelespierre/underscore",
            "version": "dev-master",
            "source": {
                "type": "git",
                "url": "https://github.com/bdelespierre/underscore.php.git",
                "reference": "639041f28224b52fd0cb3f0cc3000fb63f7cce48"
            },
            "dist": {
                "type": "zip",
                "url": "https://api.github.com/repos/bdelespierre/underscore.php/zipball/639041f28224b52fd0cb3f0cc3000fb63f7cce48",
                "reference": "639041f28224b52fd0cb3f0cc3000fb63f7cce48",
                "shasum": ""
            },
            "require": {
                "php": ">=5.4.0"
            },
            "require-dev": {
                "atoum/atoum": "dev-master"
            },
            "type": "library",
            "autoload": {
                "psr-0": {
                    "Underscore": "src/"
                }
            },
            "notification-url": "https://packagist.org/downloads/",
            "license": [
                "LGPL"
            ],
            "authors": [
                {
                    "name": "Benjamin Delespierre",
                    "email": "benjamin.delespierre@gmail.com"
                }
            ],
            "description": "Underscore.js port in PHP",
            "homepage": "https://github.com/bdelespierre/underscore.php",
            "keywords": [
                "JS",
                "php",
                "underscore",
                "utility"
            ],
            "time": "2016-01-12 19:44:50"
        },
        {
            "name": "erusev/parsedown",
            "version": "1.6.0",
            "source": {
                "type": "git",
                "url": "https://github.com/erusev/parsedown.git",
                "reference": "3ebbd730b5c2cf5ce78bc1bf64071407fc6674b7"
            },
            "dist": {
                "type": "zip",
                "url": "https://api.github.com/repos/erusev/parsedown/zipball/3ebbd730b5c2cf5ce78bc1bf64071407fc6674b7",
                "reference": "3ebbd730b5c2cf5ce78bc1bf64071407fc6674b7",
                "shasum": ""
            },
            "type": "library",
            "autoload": {
                "psr-0": {
                    "Parsedown": ""
                }
            },
            "notification-url": "https://packagist.org/downloads/",
            "license": [
                "MIT"
            ],
            "authors": [
                {
                    "name": "Emanuil Rusev",
                    "email": "hello@erusev.com",
                    "homepage": "http://erusev.com"
                }
            ],
            "description": "Parser for Markdown.",
            "homepage": "http://parsedown.org",
            "keywords": [
                "markdown",
                "parser"
            ],
            "time": "2015-10-04 16:44:32"
        },
        {
            "name": "gabordemooij/redbean",
            "version": "v4.3.1",
            "source": {
                "type": "git",
                "url": "https://github.com/gabordemooij/redbean.git",
                "reference": "f1f572ddac226d047d730444927794321ee9aca6"
            },
            "dist": {
                "type": "zip",
                "url": "https://api.github.com/repos/gabordemooij/redbean/zipball/f1f572ddac226d047d730444927794321ee9aca6",
                "reference": "f1f572ddac226d047d730444927794321ee9aca6",
                "shasum": ""
            },
            "require": {
                "php": ">=5.3.4"
            },
            "type": "library",
            "autoload": {
                "psr-4": {
                    "RedBeanPHP\\": "RedBeanPHP"
                }
            },
            "notification-url": "https://packagist.org/downloads/",
            "license": [
                "New BSD and GPLv2"
            ],
            "authors": [
                {
                    "name": "Gabor de Mooij",
                    "email": "gabor@redbeanphp.com",
                    "homepage": "http://redbeanphp.com"
                }
            ],
            "description": "RedBeanPHP ORM",
            "homepage": "http://redbeanphp.com/",
            "keywords": [
                "orm"
            ],
            "time": "2015-12-28 19:46:34"
        },
        {
            "name": "mikecao/flight",
            "version": "v1.2.20",
            "source": {
                "type": "git",
                "url": "https://github.com/mikecao/flight.git",
                "reference": "f3fa0513fe2e1994923793b85c593b7f2b644001"
            },
            "dist": {
                "type": "zip",
                "url": "https://api.github.com/repos/mikecao/flight/zipball/f3fa0513fe2e1994923793b85c593b7f2b644001",
                "reference": "f3fa0513fe2e1994923793b85c593b7f2b644001",
                "shasum": ""
            },
            "require": {
                "php": ">=5.3.0"
            },
            "require-dev": {
                "phpunit/phpunit": "~4.6"
            },
            "type": "library",
            "autoload": {
                "files": [
                    "flight/autoload.php",
                    "flight/Flight.php"
                ]
            },
            "notification-url": "https://packagist.org/downloads/",
            "license": [
                "MIT"
            ],
            "authors": [
                {
                    "name": "Mike Cao",
                    "email": "mike@mikecao.com",
                    "homepage": "http://www.mikecao.com/",
                    "role": "Original Developer"
                }
            ],
            "description": "Flight is a fast, simple, extensible framework for PHP. Flight enables you to quickly and easily build RESTful web applications.",
            "homepage": "http://flightphp.com",
            "time": "2016-02-29 08:38:10"
        },
        {
            "name": "pimple/pimple",
            "version": "v3.0.2",
            "source": {
                "type": "git",
                "url": "https://github.com/silexphp/Pimple.git",
                "reference": "a30f7d6e57565a2e1a316e1baf2a483f788b258a"
            },
            "dist": {
                "type": "zip",
                "url": "https://api.github.com/repos/silexphp/Pimple/zipball/a30f7d6e57565a2e1a316e1baf2a483f788b258a",
                "reference": "a30f7d6e57565a2e1a316e1baf2a483f788b258a",
                "shasum": ""
            },
            "require": {
                "php": ">=5.3.0"
            },
            "type": "library",
            "extra": {
                "branch-alias": {
                    "dev-master": "3.0.x-dev"
                }
            },
            "autoload": {
                "psr-0": {
                    "Pimple": "src/"
                }
            },
            "notification-url": "https://packagist.org/downloads/",
            "license": [
                "MIT"
            ],
            "authors": [
                {
                    "name": "Fabien Potencier",
                    "email": "fabien@symfony.com"
                }
            ],
            "description": "Pimple, a simple Dependency Injection Container",
            "homepage": "http://pimple.sensiolabs.org",
            "keywords": [
                "container",
                "dependency injection"
            ],
            "time": "2015-09-11 15:10:35"
        },
        {
            "name": "predis/predis",
            "version": "v1.0.3",
            "source": {
                "type": "git",
                "url": "https://github.com/nrk/predis.git",
                "reference": "84060b9034d756b4d79641667d7f9efe1aeb8e04"
            },
            "dist": {
                "type": "zip",
                "url": "https://api.github.com/repos/nrk/predis/zipball/84060b9034d756b4d79641667d7f9efe1aeb8e04",
                "reference": "84060b9034d756b4d79641667d7f9efe1aeb8e04",
                "shasum": ""
            },
            "require": {
                "php": ">=5.3.2"
            },
            "require-dev": {
                "phpunit/phpunit": "~4.0"
            },
            "suggest": {
                "ext-curl": "Allows access to Webdis when paired with phpiredis",
                "ext-phpiredis": "Allows faster serialization and deserialization of the Redis protocol"
            },
            "type": "library",
            "autoload": {
                "psr-4": {
                    "Predis\\": "src/"
                }
            },
            "notification-url": "https://packagist.org/downloads/",
            "license": [
                "MIT"
            ],
            "authors": [
                {
                    "name": "Daniele Alessandri",
                    "email": "suppakilla@gmail.com",
                    "homepage": "http://clorophilla.net"
                }
            ],
            "description": "Flexible and feature-complete PHP client library for Redis",
            "homepage": "http://github.com/nrk/predis",
            "keywords": [
                "nosql",
                "predis",
                "redis"
            ],
            "time": "2015-07-30 18:34:15"
        },
        {
            "name": "simpletest/simpletest",
            "version": "v1.1.7",
            "source": {
                "type": "git",
                "url": "https://github.com/simpletest/simpletest.git",
                "reference": "2f8c466c114bdb9c11028a0c3e6d1380ae6a18dc"
            },
            "dist": {
                "type": "zip",
                "url": "https://api.github.com/repos/simpletest/simpletest/zipball/2f8c466c114bdb9c11028a0c3e6d1380ae6a18dc",
                "reference": "2f8c466c114bdb9c11028a0c3e6d1380ae6a18dc",
                "shasum": ""
            },
            "require": {
                "php": ">=5.0.5"
            },
            "replace": {
                "lastcraft/simpletest": "self.version",
                "vierbergenlars/simpletest": "self.version"
            },
            "type": "library",
            "autoload": {
                "classmap": [
                    "."
                ]
            },
            "notification-url": "https://packagist.org/downloads/",
            "license": [
                "LGPL-2.0+"
            ],
            "authors": [
                {
                    "name": "Lars Vierbergen",
                    "email": "vierbergenlars@gmail.com"
                },
                {
                    "name": "Lachlan Donald",
                    "email": "lachlan@ljd.cc"
                },
                {
                    "name": "Marcus Baker",
                    "email": "marcus@lastcraft.com",
                    "role": "Original project lead"
                },
                {
                    "name": "Jason Sweat",
                    "role": "Original developer"
                },
                {
                    "name": "Travis Swicegood",
                    "role": "Original developer"
                },
                {
                    "name": "Perrick Penet",
                    "role": "Original developer"
                },
                {
                    "name": "Edward Z. Yang",
                    "role": "Original developer"
                }
            ],
            "description": "Unit testing, mock objects and web testing framework for PHP built around test cases.",
            "homepage": "http://simpletest.org/",
            "keywords": [
                "SimpleTest",
                "code-coverage",
                "selenium",
                "testing",
                "unit-test"
            ],
            "time": "2015-09-21 18:19:52"
        },
        {
            "name": "twig/twig",
            "version": "v1.18.2",
            "source": {
                "type": "git",
                "url": "https://github.com/twigphp/Twig.git",
                "reference": "e8e6575abf6102af53ec283f7f14b89e304fa602"
            },
            "dist": {
                "type": "zip",
                "url": "https://api.github.com/repos/twigphp/Twig/zipball/e8e6575abf6102af53ec283f7f14b89e304fa602",
                "reference": "e8e6575abf6102af53ec283f7f14b89e304fa602",
                "shasum": ""
            },
            "require": {
                "php": ">=5.2.7"
            },
            "type": "library",
            "extra": {
                "branch-alias": {
                    "dev-master": "1.18-dev"
                }
            },
            "autoload": {
                "psr-0": {
                    "Twig_": "lib/"
                }
            },
            "notification-url": "https://packagist.org/downloads/",
            "license": [
                "BSD-3-Clause"
            ],
            "authors": [
                {
                    "name": "Fabien Potencier",
                    "email": "fabien@symfony.com",
                    "homepage": "http://fabien.potencier.org",
                    "role": "Lead Developer"
                },
                {
                    "name": "Armin Ronacher",
                    "email": "armin.ronacher@active-4.com",
                    "role": "Project Founder"
                },
                {
                    "name": "Twig Team",
                    "homepage": "http://twig.sensiolabs.org/contributors",
                    "role": "Contributors"
                }
            ],
            "description": "Twig, the flexible, fast, and secure template language for PHP",
            "homepage": "http://twig.sensiolabs.org",
            "keywords": [
                "templating"
            ],
            "time": "2015-06-06 23:31:24"
        }
    ],
    "packages-dev": [],
    "aliases": [],
    "minimum-stability": "stable",
    "stability-flags": {
        "bdelespierre/underscore": 20
    },
    "prefer-stable": false,
    "prefer-lowest": false,
    "platform": [],
    "platform-dev": []
}
